// !$*UTF8*$!
{
	archiveVersion = 1;
	classes = {
	};
	objectVersion = 56;
	objects = {

/* Begin PBXBuildFile section */
		4E0A70B02C35FEE8002485BB /* ContainingApp.swift in Sources */ = {isa = PBXBuildFile; fileRef = 4E0A70AF2C35FEE8002485BB /* ContainingApp.swift */; };
		4E0A70B22C35FEE8002485BB /* ContentView.swift in Sources */ = {isa = PBXBuildFile; fileRef = 4E0A70B12C35FEE8002485BB /* ContentView.swift */; };
		4E0A70B42C35FEE9002485BB /* Assets.xcassets in Resources */ = {isa = PBXBuildFile; fileRef = 4E0A70B32C35FEE9002485BB /* Assets.xcassets */; };
		4E0A70E52C3606D6002485BB /* ShareViewController.swift in Sources */ = {isa = PBXBuildFile; fileRef = 4E0A70E42C3606D6002485BB /* ShareViewController.swift */; };
		4E0A70EC2C3606D6002485BB /* ShareExtension.appex in Embed Foundation Extensions */ = {isa = PBXBuildFile; fileRef = 4E0A70E22C3606D6002485BB /* ShareExtension.appex */; settings = {ATTRIBUTES = (RemoveHeadersOnCopy, ); }; };
		4E0A70F22C3651B6002485BB /* ShareExtensionView.swift in Sources */ = {isa = PBXBuildFile; fileRef = 4E0A70F12C3651B6002485BB /* ShareExtensionView.swift */; };
		4E3C812D2C520B8300F99EAD /* UTType+ExportSharingData.swift in Sources */ = {isa = PBXBuildFile; fileRef = 4E3C812C2C520B8300F99EAD /* UTType+ExportSharingData.swift */; };
		4E3C81302C52106900F99EAD /* UTType+ExportSharingData.swift in Sources */ = {isa = PBXBuildFile; fileRef = 4E3C812C2C520B8300F99EAD /* UTType+ExportSharingData.swift */; };
		4E3C81322C5210A500F99EAD /* SharingData.swift in Sources */ = {isa = PBXBuildFile; fileRef = 4E3C81312C5210A500F99EAD /* SharingData.swift */; };
		4E3C81332C5210A500F99EAD /* SharingData.swift in Sources */ = {isa = PBXBuildFile; fileRef = 4E3C81312C5210A500F99EAD /* SharingData.swift */; };
		4EFC207F2C623897003A1D70 /* UniformTypeIdentifiers.framework in Frameworks */ = {isa = PBXBuildFile; fileRef = 4EFC207E2C623897003A1D70 /* UniformTypeIdentifiers.framework */; };
		4EFC208B2C623897003A1D70 /* ActionExtension.appex in Embed Foundation Extensions */ = {isa = PBXBuildFile; fileRef = 4EFC207C2C623897003A1D70 /* ActionExtension.appex */; settings = {ATTRIBUTES = (RemoveHeadersOnCopy, ); }; };
		4EFC208F2C623B4D003A1D70 /* SharingData.swift in Sources */ = {isa = PBXBuildFile; fileRef = 4E3C81312C5210A500F99EAD /* SharingData.swift */; };
		4EFC20902C623B5A003A1D70 /* UTType+ExportSharingData.swift in Sources */ = {isa = PBXBuildFile; fileRef = 4E3C812C2C520B8300F99EAD /* UTType+ExportSharingData.swift */; };
		4EFC20912C623C2E003A1D70 /* ShareExtensionView.swift in Sources */ = {isa = PBXBuildFile; fileRef = 4E0A70F12C3651B6002485BB /* ShareExtensionView.swift */; };
		4EFC20922C63C15A003A1D70 /* ShareViewController.swift in Sources */ = {isa = PBXBuildFile; fileRef = 4E0A70E42C3606D6002485BB /* ShareViewController.swift */; };
		4EFC20932C63C323003A1D70 /* UniformTypeIdentifiers.framework in Frameworks */ = {isa = PBXBuildFile; fileRef = 4EFC207E2C623897003A1D70 /* UniformTypeIdentifiers.framework */; };
/* End PBXBuildFile section */

/* Begin PBXContainerItemProxy section */
		4E0A70EA2C3606D6002485BB /* PBXContainerItemProxy */ = {
			isa = PBXContainerItemProxy;
			containerPortal = 4E0A70A42C35FEE8002485BB /* Project object */;
			proxyType = 1;
			remoteGlobalIDString = 4E0A70E12C3606D6002485BB;
			remoteInfo = ShareExtension;
		};
		4EFC20892C623897003A1D70 /* PBXContainerItemProxy */ = {
			isa = PBXContainerItemProxy;
			containerPortal = 4E0A70A42C35FEE8002485BB /* Project object */;
			proxyType = 1;
			remoteGlobalIDString = 4EFC207B2C623897003A1D70;
			remoteInfo = ActionExtension;
		};
/* End PBXContainerItemProxy section */

/* Begin PBXCopyFilesBuildPhase section */
		4E0A70ED2C3606D6002485BB /* Embed Foundation Extensions */ = {
			isa = PBXCopyFilesBuildPhase;
			buildActionMask = 2147483647;
			dstPath = "";
			dstSubfolderSpec = 13;
			files = (
				4EFC208B2C623897003A1D70 /* ActionExtension.appex in Embed Foundation Extensions */,
				4E0A70EC2C3606D6002485BB /* ShareExtension.appex in Embed Foundation Extensions */,
			);
			name = "Embed Foundation Extensions";
			runOnlyForDeploymentPostprocessing = 0;
		};
/* End PBXCopyFilesBuildPhase section */

/* Begin PBXFileReference section */
		4E0A70AC2C35FEE8002485BB /* Containing.app */ = {isa = PBXFileReference; explicitFileType = wrapper.application; includeInIndex = 0; path = Containing.app; sourceTree = BUILT_PRODUCTS_DIR; };
		4E0A70AF2C35FEE8002485BB /* ContainingApp.swift */ = {isa = PBXFileReference; lastKnownFileType = sourcecode.swift; path = ContainingApp.swift; sourceTree = "<group>"; };
		4E0A70B12C35FEE8002485BB /* ContentView.swift */ = {isa = PBXFileReference; lastKnownFileType = sourcecode.swift; path = ContentView.swift; sourceTree = "<group>"; };
		4E0A70B32C35FEE9002485BB /* Assets.xcassets */ = {isa = PBXFileReference; lastKnownFileType = folder.assetcatalog; path = Assets.xcassets; sourceTree = "<group>"; };
		4E0A70E22C3606D6002485BB /* ShareExtension.appex */ = {isa = PBXFileReference; explicitFileType = "wrapper.app-extension"; includeInIndex = 0; path = ShareExtension.appex; sourceTree = BUILT_PRODUCTS_DIR; };
		4E0A70E42C3606D6002485BB /* ShareViewController.swift */ = {isa = PBXFileReference; lastKnownFileType = sourcecode.swift; path = ShareViewController.swift; sourceTree = "<group>"; };
		4E0A70E92C3606D6002485BB /* Info.plist */ = {isa = PBXFileReference; lastKnownFileType = text.plist.xml; path = Info.plist; sourceTree = "<group>"; };
		4E0A70F12C3651B6002485BB /* ShareExtensionView.swift */ = {isa = PBXFileReference; lastKnownFileType = sourcecode.swift; path = ShareExtensionView.swift; sourceTree = "<group>"; };
		4E0A71102C366469002485BB /* Info.plist */ = {isa = PBXFileReference; fileEncoding = 4; lastKnownFileType = text.plist.xml; path = Info.plist; sourceTree = "<group>"; };
		4E3C812C2C520B8300F99EAD /* UTType+ExportSharingData.swift */ = {isa = PBXFileReference; fileEncoding = 4; lastKnownFileType = sourcecode.swift; path = "UTType+ExportSharingData.swift"; sourceTree = "<group>"; };
		4E3C81312C5210A500F99EAD /* SharingData.swift */ = {isa = PBXFileReference; fileEncoding = 4; lastKnownFileType = sourcecode.swift; path = SharingData.swift; sourceTree = "<group>"; };
		4EFC207C2C623897003A1D70 /* ActionExtension.appex */ = {isa = PBXFileReference; explicitFileType = "wrapper.app-extension"; includeInIndex = 0; path = ActionExtension.appex; sourceTree = BUILT_PRODUCTS_DIR; };
		4EFC207E2C623897003A1D70 /* UniformTypeIdentifiers.framework */ = {isa = PBXFileReference; lastKnownFileType = wrapper.framework; name = UniformTypeIdentifiers.framework; path = System/Library/Frameworks/UniformTypeIdentifiers.framework; sourceTree = SDKROOT; };
		4EFC20882C623897003A1D70 /* Info.plist */ = {isa = PBXFileReference; lastKnownFileType = text.plist.xml; path = Info.plist; sourceTree = "<group>"; };
/* End PBXFileReference section */

/* Begin PBXFrameworksBuildPhase section */
		4E0A70A92C35FEE8002485BB /* Frameworks */ = {
			isa = PBXFrameworksBuildPhase;
			buildActionMask = 2147483647;
			files = (
			);
			runOnlyForDeploymentPostprocessing = 0;
		};
		4E0A70DF2C3606D6002485BB /* Frameworks */ = {
			isa = PBXFrameworksBuildPhase;
			buildActionMask = 2147483647;
			files = (
				4EFC20932C63C323003A1D70 /* UniformTypeIdentifiers.framework in Frameworks */,
			);
			runOnlyForDeploymentPostprocessing = 0;
		};
		4EFC20792C623897003A1D70 /* Frameworks */ = {
			isa = PBXFrameworksBuildPhase;
			buildActionMask = 2147483647;
			files = (
				4EFC207F2C623897003A1D70 /* UniformTypeIdentifiers.framework in Frameworks */,
			);
			runOnlyForDeploymentPostprocessing = 0;
		};
/* End PBXFrameworksBuildPhase section */

/* Begin PBXGroup section */
		4E0A70A32C35FEE8002485BB = {
			isa = PBXGroup;
			children = (
				4E0A71092C3660E6002485BB /* Common */,
				4EFC20802C623897003A1D70 /* ActionExtension */,
				4E0A70E32C3606D6002485BB /* ShareExtension */,
				4E0A70AE2C35FEE8002485BB /* Containing */,
				4EFC207D2C623897003A1D70 /* Frameworks */,
				4E0A70AD2C35FEE8002485BB /* Products */,
			);
			sourceTree = "<group>";
		};
		4E0A70AD2C35FEE8002485BB /* Products */ = {
			isa = PBXGroup;
			children = (
				4E0A70AC2C35FEE8002485BB /* Containing.app */,
				4E0A70E22C3606D6002485BB /* ShareExtension.appex */,
				4EFC207C2C623897003A1D70 /* ActionExtension.appex */,
			);
			name = Products;
			sourceTree = "<group>";
		};
		4E0A70AE2C35FEE8002485BB /* Containing */ = {
			isa = PBXGroup;
			children = (
				4E0A70AF2C35FEE8002485BB /* ContainingApp.swift */,
				4E0A70B12C35FEE8002485BB /* ContentView.swift */,
				4E0A71102C366469002485BB /* Info.plist */,
				4E0A70B32C35FEE9002485BB /* Assets.xcassets */,
			);
			path = Containing;
			sourceTree = "<group>";
		};
		4E0A70E32C3606D6002485BB /* ShareExtension */ = {
			isa = PBXGroup;
			children = (
				4E0A70E92C3606D6002485BB /* Info.plist */,
				4E0A70E42C3606D6002485BB /* ShareViewController.swift */,
				4E0A70F12C3651B6002485BB /* ShareExtensionView.swift */,
			);
			path = ShareExtension;
			sourceTree = "<group>";
		};
		4E0A71092C3660E6002485BB /* Common */ = {
			isa = PBXGroup;
			children = (
				4E3C81312C5210A500F99EAD /* SharingData.swift */,
				4E3C812C2C520B8300F99EAD /* UTType+ExportSharingData.swift */,
			);
			path = Common;
			sourceTree = "<group>";
		};
		4EFC207D2C623897003A1D70 /* Frameworks */ = {
			isa = PBXGroup;
			children = (
				4EFC207E2C623897003A1D70 /* UniformTypeIdentifiers.framework */,
			);
			name = Frameworks;
			sourceTree = "<group>";
		};
		4EFC20802C623897003A1D70 /* ActionExtension */ = {
			isa = PBXGroup;
			children = (
				4EFC20882C623897003A1D70 /* Info.plist */,
			);
			path = ActionExtension;
			sourceTree = "<group>";
		};
/* End PBXGroup section */

/* Begin PBXNativeTarget section */
		4E0A70AB2C35FEE8002485BB /* Containing */ = {
			isa = PBXNativeTarget;
			buildConfigurationList = 4E0A70BA2C35FEE9002485BB /* Build configuration list for PBXNativeTarget "Containing" */;
			buildPhases = (
				4E0A70A82C35FEE8002485BB /* Sources */,
				4E0A70A92C35FEE8002485BB /* Frameworks */,
				4E0A70AA2C35FEE8002485BB /* Resources */,
				4E0A70ED2C3606D6002485BB /* Embed Foundation Extensions */,
			);
			buildRules = (
			);
			dependencies = (
				4E0A70EB2C3606D6002485BB /* PBXTargetDependency */,
				4EFC208A2C623897003A1D70 /* PBXTargetDependency */,
			);
			name = Containing;
			productName = Containing;
			productReference = 4E0A70AC2C35FEE8002485BB /* Containing.app */;
			productType = "com.apple.product-type.application";
		};
		4E0A70E12C3606D6002485BB /* ShareExtension */ = {
			isa = PBXNativeTarget;
			buildConfigurationList = 4E0A70F02C3606D6002485BB /* Build configuration list for PBXNativeTarget "ShareExtension" */;
			buildPhases = (
				4E0A70DE2C3606D6002485BB /* Sources */,
				4E0A70DF2C3606D6002485BB /* Frameworks */,
				4E0A70E02C3606D6002485BB /* Resources */,
			);
			buildRules = (
			);
			dependencies = (
			);
			name = ShareExtension;
			productName = ShareExtension;
			productReference = 4E0A70E22C3606D6002485BB /* ShareExtension.appex */;
			productType = "com.apple.product-type.app-extension";
		};
		4EFC207B2C623897003A1D70 /* ActionExtension */ = {
			isa = PBXNativeTarget;
			buildConfigurationList = 4EFC208C2C623897003A1D70 /* Build configuration list for PBXNativeTarget "ActionExtension" */;
			buildPhases = (
				4EFC20782C623897003A1D70 /* Sources */,
				4EFC20792C623897003A1D70 /* Frameworks */,
				4EFC207A2C623897003A1D70 /* Resources */,
			);
			buildRules = (
			);
			dependencies = (
			);
			name = ActionExtension;
			productName = ActionExtension;
			productReference = 4EFC207C2C623897003A1D70 /* ActionExtension.appex */;
			productType = "com.apple.product-type.app-extension";
		};
/* End PBXNativeTarget section */

/* Begin PBXProject section */
		4E0A70A42C35FEE8002485BB /* Project object */ = {
			isa = PBXProject;
			attributes = {
				BuildIndependentTargetsInParallel = 1;
				LastSwiftUpdateCheck = 1540;
				LastUpgradeCheck = 1540;
				TargetAttributes = {
					4E0A70AB2C35FEE8002485BB = {
						CreatedOnToolsVersion = 15.4;
					};
					4E0A70E12C3606D6002485BB = {
						CreatedOnToolsVersion = 15.4;
					};
					4EFC207B2C623897003A1D70 = {
						CreatedOnToolsVersion = 15.4;
					};
				};
			};
			buildConfigurationList = 4E0A70A72C35FEE8002485BB /* Build configuration list for PBXProject "Containing" */;
			compatibilityVersion = "Xcode 14.0";
			developmentRegion = en;
			hasScannedForEncodings = 0;
			knownRegions = (
				en,
				Base,
			);
			mainGroup = 4E0A70A32C35FEE8002485BB;
			productRefGroup = 4E0A70AD2C35FEE8002485BB /* Products */;
			projectDirPath = "";
			projectRoot = "";
			targets = (
				4E0A70AB2C35FEE8002485BB /* Containing */,
				4E0A70E12C3606D6002485BB /* ShareExtension */,
				4EFC207B2C623897003A1D70 /* ActionExtension */,
			);
		};
/* End PBXProject section */

/* Begin PBXResourcesBuildPhase section */
		4E0A70AA2C35FEE8002485BB /* Resources */ = {
			isa = PBXResourcesBuildPhase;
			buildActionMask = 2147483647;
			files = (
				4E0A70B42C35FEE9002485BB /* Assets.xcassets in Resources */,
			);
			runOnlyForDeploymentPostprocessing = 0;
		};
		4E0A70E02C3606D6002485BB /* Resources */ = {
			isa = PBXResourcesBuildPhase;
			buildActionMask = 2147483647;
			files = (
			);
			runOnlyForDeploymentPostprocessing = 0;
		};
		4EFC207A2C623897003A1D70 /* Resources */ = {
			isa = PBXResourcesBuildPhase;
			buildActionMask = 2147483647;
			files = (
			);
			runOnlyForDeploymentPostprocessing = 0;
		};
/* End PBXResourcesBuildPhase section */

/* Begin PBXSourcesBuildPhase section */
		4E0A70A82C35FEE8002485BB /* Sources */ = {
			isa = PBXSourcesBuildPhase;
			buildActionMask = 2147483647;
			files = (
				4E0A70B02C35FEE8002485BB /* ContainingApp.swift in Sources */,
				4E0A70B22C35FEE8002485BB /* ContentView.swift in Sources */,
				4E3C81322C5210A500F99EAD /* SharingData.swift in Sources */,
				4E3C81302C52106900F99EAD /* UTType+ExportSharingData.swift in Sources */,
			);
			runOnlyForDeploymentPostprocessing = 0;
		};
		4E0A70DE2C3606D6002485BB /* Sources */ = {
			isa = PBXSourcesBuildPhase;
			buildActionMask = 2147483647;
			files = (
				4E0A70E52C3606D6002485BB /* ShareViewController.swift in Sources */,
				4E0A70F22C3651B6002485BB /* ShareExtensionView.swift in Sources */,
				4E3C812D2C520B8300F99EAD /* UTType+ExportSharingData.swift in Sources */,
				4E3C81332C5210A500F99EAD /* SharingData.swift in Sources */,
			);
			runOnlyForDeploymentPostprocessing = 0;
		};
		4EFC20782C623897003A1D70 /* Sources */ = {
			isa = PBXSourcesBuildPhase;
			buildActionMask = 2147483647;
			files = (
				4EFC20922C63C15A003A1D70 /* ShareViewController.swift in Sources */,
				4EFC20912C623C2E003A1D70 /* ShareExtensionView.swift in Sources */,
				4EFC20902C623B5A003A1D70 /* UTType+ExportSharingData.swift in Sources */,
				4EFC208F2C623B4D003A1D70 /* SharingData.swift in Sources */,
			);
			runOnlyForDeploymentPostprocessing = 0;
		};
/* End PBXSourcesBuildPhase section */

/* Begin PBXTargetDependency section */
		4E0A70EB2C3606D6002485BB /* PBXTargetDependency */ = {
			isa = PBXTargetDependency;
			target = 4E0A70E12C3606D6002485BB /* ShareExtension */;
			targetProxy = 4E0A70EA2C3606D6002485BB /* PBXContainerItemProxy */;
		};
		4EFC208A2C623897003A1D70 /* PBXTargetDependency */ = {
			isa = PBXTargetDependency;
			target = 4EFC207B2C623897003A1D70 /* ActionExtension */;
			targetProxy = 4EFC20892C623897003A1D70 /* PBXContainerItemProxy */;
		};
/* End PBXTargetDependency section */

/* Begin XCBuildConfiguration section */
		4E0A70B82C35FEE9002485BB /* Debug */ = {
			isa = XCBuildConfiguration;
			buildSettings = {
				ALWAYS_SEARCH_USER_PATHS = NO;
				ASSETCATALOG_COMPILER_GENERATE_SWIFT_ASSET_SYMBOL_EXTENSIONS = YES;
				CLANG_ANALYZER_NONNULL = YES;
				CLANG_ANALYZER_NUMBER_OBJECT_CONVERSION = YES_AGGRESSIVE;
				CLANG_CXX_LANGUAGE_STANDARD = "gnu++20";
				CLANG_ENABLE_MODULES = YES;
				CLANG_ENABLE_OBJC_ARC = YES;
				CLANG_ENABLE_OBJC_WEAK = YES;
				CLANG_WARN_BLOCK_CAPTURE_AUTORELEASING = YES;
				CLANG_WARN_BOOL_CONVERSION = YES;
				CLANG_WARN_COMMA = YES;
				CLANG_WARN_CONSTANT_CONVERSION = YES;
				CLANG_WARN_DEPRECATED_OBJC_IMPLEMENTATIONS = YES;
				CLANG_WARN_DIRECT_OBJC_ISA_USAGE = YES_ERROR;
				CLANG_WARN_DOCUMENTATION_COMMENTS = YES;
				CLANG_WARN_EMPTY_BODY = YES;
				CLANG_WARN_ENUM_CONVERSION = YES;
				CLANG_WARN_INFINITE_RECURSION = YES;
				CLANG_WARN_INT_CONVERSION = YES;
				CLANG_WARN_NON_LITERAL_NULL_CONVERSION = YES;
				CLANG_WARN_OBJC_IMPLICIT_RETAIN_SELF = YES;
				CLANG_WARN_OBJC_LITERAL_CONVERSION = YES;
				CLANG_WARN_OBJC_ROOT_CLASS = YES_ERROR;
				CLANG_WARN_QUOTED_INCLUDE_IN_FRAMEWORK_HEADER = YES;
				CLANG_WARN_RANGE_LOOP_ANALYSIS = YES;
				CLANG_WARN_STRICT_PROTOTYPES = YES;
				CLANG_WARN_SUSPICIOUS_MOVE = YES;
				CLANG_WARN_UNGUARDED_AVAILABILITY = YES_AGGRESSIVE;
				CLANG_WARN_UNREACHABLE_CODE = YES;
				CLANG_WARN__DUPLICATE_METHOD_MATCH = YES;
				CODE_SIGN_ENTITLEMENTS = "$(TARGET_NAME).entitlements";
				CODE_SIGN_IDENTITY = "Apple Development";
				CODE_SIGN_STYLE = Automatic;
				COPY_PHASE_STRIP = NO;
				DEBUG_INFORMATION_FORMAT = dwarf;
				ENABLE_STRICT_OBJC_MSGSEND = YES;
				ENABLE_TESTABILITY = YES;
				ENABLE_USER_SCRIPT_SANDBOXING = YES;
				GCC_C_LANGUAGE_STANDARD = gnu17;
				GCC_DYNAMIC_NO_PIC = NO;
				GCC_NO_COMMON_BLOCKS = YES;
				GCC_OPTIMIZATION_LEVEL = 0;
				GCC_PREPROCESSOR_DEFINITIONS = (
					"DEBUG=1",
					"$(inherited)",
				);
				GCC_WARN_64_TO_32_BIT_CONVERSION = YES;
				GCC_WARN_ABOUT_RETURN_TYPE = YES_ERROR;
				GCC_WARN_UNDECLARED_SELECTOR = YES;
				GCC_WARN_UNINITIALIZED_AUTOS = YES_AGGRESSIVE;
				GCC_WARN_UNUSED_FUNCTION = YES;
				GCC_WARN_UNUSED_VARIABLE = YES;
				IPHONEOS_DEPLOYMENT_TARGET = 16.4;
				LOCALIZATION_PREFERS_STRING_CATALOGS = YES;
				MTL_ENABLE_DEBUG_INFO = INCLUDE_SOURCE;
				MTL_FAST_MATH = YES;
				ONLY_ACTIVE_ARCH = YES;
				SDKROOT = iphoneos;
				SWIFT_ACTIVE_COMPILATION_CONDITIONS = "DEBUG $(inherited)";
				SWIFT_OPTIMIZATION_LEVEL = "-Onone";
			};
			name = Debug;
		};
		4E0A70B92C35FEE9002485BB /* Release */ = {
			isa = XCBuildConfiguration;
			buildSettings = {
				ALWAYS_SEARCH_USER_PATHS = NO;
				ASSETCATALOG_COMPILER_GENERATE_SWIFT_ASSET_SYMBOL_EXTENSIONS = YES;
				CLANG_ANALYZER_NONNULL = YES;
				CLANG_ANALYZER_NUMBER_OBJECT_CONVERSION = YES_AGGRESSIVE;
				CLANG_CXX_LANGUAGE_STANDARD = "gnu++20";
				CLANG_ENABLE_MODULES = YES;
				CLANG_ENABLE_OBJC_ARC = YES;
				CLANG_ENABLE_OBJC_WEAK = YES;
				CLANG_WARN_BLOCK_CAPTURE_AUTORELEASING = YES;
				CLANG_WARN_BOOL_CONVERSION = YES;
				CLANG_WARN_COMMA = YES;
				CLANG_WARN_CONSTANT_CONVERSION = YES;
				CLANG_WARN_DEPRECATED_OBJC_IMPLEMENTATIONS = YES;
				CLANG_WARN_DIRECT_OBJC_ISA_USAGE = YES_ERROR;
				CLANG_WARN_DOCUMENTATION_COMMENTS = YES;
				CLANG_WARN_EMPTY_BODY = YES;
				CLANG_WARN_ENUM_CONVERSION = YES;
				CLANG_WARN_INFINITE_RECURSION = YES;
				CLANG_WARN_INT_CONVERSION = YES;
				CLANG_WARN_NON_LITERAL_NULL_CONVERSION = YES;
				CLANG_WARN_OBJC_IMPLICIT_RETAIN_SELF = YES;
				CLANG_WARN_OBJC_LITERAL_CONVERSION = YES;
				CLANG_WARN_OBJC_ROOT_CLASS = YES_ERROR;
				CLANG_WARN_QUOTED_INCLUDE_IN_FRAMEWORK_HEADER = YES;
				CLANG_WARN_RANGE_LOOP_ANALYSIS = YES;
				CLANG_WARN_STRICT_PROTOTYPES = YES;
				CLANG_WARN_SUSPICIOUS_MOVE = YES;
				CLANG_WARN_UNGUARDED_AVAILABILITY = YES_AGGRESSIVE;
				CLANG_WARN_UNREACHABLE_CODE = YES;
				CLANG_WARN__DUPLICATE_METHOD_MATCH = YES;
				CODE_SIGN_ENTITLEMENTS = "$(TARGET_NAME).entitlements";
				CODE_SIGN_IDENTITY = "Apple Development";
				CODE_SIGN_STYLE = Automatic;
				COPY_PHASE_STRIP = NO;
				DEBUG_INFORMATION_FORMAT = "dwarf-with-dsym";
				ENABLE_NS_ASSERTIONS = NO;
				ENABLE_STRICT_OBJC_MSGSEND = YES;
				ENABLE_USER_SCRIPT_SANDBOXING = YES;
				GCC_C_LANGUAGE_STANDARD = gnu17;
				GCC_NO_COMMON_BLOCKS = YES;
				GCC_WARN_64_TO_32_BIT_CONVERSION = YES;
				GCC_WARN_ABOUT_RETURN_TYPE = YES_ERROR;
				GCC_WARN_UNDECLARED_SELECTOR = YES;
				GCC_WARN_UNINITIALIZED_AUTOS = YES_AGGRESSIVE;
				GCC_WARN_UNUSED_FUNCTION = YES;
				GCC_WARN_UNUSED_VARIABLE = YES;
				IPHONEOS_DEPLOYMENT_TARGET = 16.4;
				LOCALIZATION_PREFERS_STRING_CATALOGS = YES;
				MTL_ENABLE_DEBUG_INFO = NO;
				MTL_FAST_MATH = YES;
				SDKROOT = iphoneos;
				SWIFT_COMPILATION_MODE = wholemodule;
				VALIDATE_PRODUCT = YES;
			};
			name = Release;
		};
		4E0A70BB2C35FEE9002485BB /* Debug */ = {
			isa = XCBuildConfiguration;
			buildSettings = {
				ALWAYS_EMBED_SWIFT_STANDARD_LIBRARIES = YES;
				ASSETCATALOG_COMPILER_APPICON_NAME = AppIcon;
				ASSETCATALOG_COMPILER_GLOBAL_ACCENT_COLOR_NAME = AccentColor;
				CODE_SIGN_ENTITLEMENTS = "Containing/$(TARGET_NAME).entitlements";
				CODE_SIGN_IDENTITY = "Apple Development";
				CODE_SIGN_STYLE = Automatic;
				CURRENT_PROJECT_VERSION = 1;
				DEVELOPMENT_TEAM = MX5VMG8N6Z;
				ENABLE_PREVIEWS = YES;
				GENERATE_INFOPLIST_FILE = YES;
				INFOPLIST_FILE = Containing/Info.plist;
				INFOPLIST_KEY_CFBundleDisplayName = ContainingApp;
				INFOPLIST_KEY_UIApplicationSceneManifest_Generation = YES;
				INFOPLIST_KEY_UIApplicationSupportsIndirectInputEvents = YES;
				INFOPLIST_KEY_UILaunchScreen_Generation = YES;
				INFOPLIST_KEY_UISupportedInterfaceOrientations_iPad = "UIInterfaceOrientationPortrait UIInterfaceOrientationPortraitUpsideDown UIInterfaceOrientationLandscapeLeft UIInterfaceOrientationLandscapeRight";
				INFOPLIST_KEY_UISupportedInterfaceOrientations_iPhone = "UIInterfaceOrientationPortrait UIInterfaceOrientationLandscapeLeft UIInterfaceOrientationLandscapeRight";
				IPHONEOS_DEPLOYMENT_TARGET = 16.4;
				LD_RUNPATH_SEARCH_PATHS = (
					"$(inherited)",
					"@executable_path/Frameworks",
				);
				MARKETING_VERSION = 1.0;
				PRODUCT_BUNDLE_IDENTIFIER = com.fesh.containingdemo;
				PRODUCT_NAME = "$(TARGET_NAME)";
				SUPPORTED_PLATFORMS = "iphoneos iphonesimulator";
				SUPPORTS_MACCATALYST = NO;
				SUPPORTS_MAC_DESIGNED_FOR_IPHONE_IPAD = NO;
				SUPPORTS_XR_DESIGNED_FOR_IPHONE_IPAD = NO;
				SWIFT_EMIT_LOC_STRINGS = YES;
				SWIFT_VERSION = 5.0;
				TARGETED_DEVICE_FAMILY = "1,2";
			};
			name = Debug;
		};
		4E0A70BC2C35FEE9002485BB /* Release */ = {
			isa = XCBuildConfiguration;
			buildSettings = {
				ALWAYS_EMBED_SWIFT_STANDARD_LIBRARIES = YES;
				ASSETCATALOG_COMPILER_APPICON_NAME = AppIcon;
				ASSETCATALOG_COMPILER_GLOBAL_ACCENT_COLOR_NAME = AccentColor;
				CODE_SIGN_ENTITLEMENTS = "Containing/$(TARGET_NAME).entitlements";
				CODE_SIGN_IDENTITY = "Apple Development";
				CODE_SIGN_STYLE = Automatic;
				CURRENT_PROJECT_VERSION = 1;
				DEVELOPMENT_TEAM = MX5VMG8N6Z;
				ENABLE_PREVIEWS = YES;
				GENERATE_INFOPLIST_FILE = YES;
				INFOPLIST_FILE = Containing/Info.plist;
				INFOPLIST_KEY_CFBundleDisplayName = ContainingApp;
				INFOPLIST_KEY_UIApplicationSceneManifest_Generation = YES;
				INFOPLIST_KEY_UIApplicationSupportsIndirectInputEvents = YES;
				INFOPLIST_KEY_UILaunchScreen_Generation = YES;
				INFOPLIST_KEY_UISupportedInterfaceOrientations_iPad = "UIInterfaceOrientationPortrait UIInterfaceOrientationPortraitUpsideDown UIInterfaceOrientationLandscapeLeft UIInterfaceOrientationLandscapeRight";
				INFOPLIST_KEY_UISupportedInterfaceOrientations_iPhone = "UIInterfaceOrientationPortrait UIInterfaceOrientationLandscapeLeft UIInterfaceOrientationLandscapeRight";
				IPHONEOS_DEPLOYMENT_TARGET = 16.4;
				LD_RUNPATH_SEARCH_PATHS = (
					"$(inherited)",
					"@executable_path/Frameworks",
				);
				MARKETING_VERSION = 1.0;
				PRODUCT_BUNDLE_IDENTIFIER = com.fesh.containingdemo;
				PRODUCT_NAME = "$(TARGET_NAME)";
				SUPPORTED_PLATFORMS = "iphoneos iphonesimulator";
				SUPPORTS_MACCATALYST = NO;
				SUPPORTS_MAC_DESIGNED_FOR_IPHONE_IPAD = NO;
				SUPPORTS_XR_DESIGNED_FOR_IPHONE_IPAD = NO;
				SWIFT_EMIT_LOC_STRINGS = YES;
				SWIFT_VERSION = 5.0;
				TARGETED_DEVICE_FAMILY = "1,2";
			};
			name = Release;
		};
		4E0A70EE2C3606D6002485BB /* Debug */ = {
			isa = XCBuildConfiguration;
			buildSettings = {
				CODE_SIGN_ENTITLEMENTS = "ShareExtension/$(TARGET_NAME).entitlements";
				CODE_SIGN_IDENTITY = "Apple Development";
				CODE_SIGN_STYLE = Automatic;
				CURRENT_PROJECT_VERSION = 1;
				DEVELOPMENT_TEAM = MX5VMG8N6Z;
				GENERATE_INFOPLIST_FILE = YES;
				INFOPLIST_FILE = ShareExtension/Info.plist;
				INFOPLIST_KEY_CFBundleDisplayName = ShareExtension;
				INFOPLIST_KEY_NSHumanReadableCopyright = "© Fesh.com";
				IPHONEOS_DEPLOYMENT_TARGET = 16.4;
				LD_RUNPATH_SEARCH_PATHS = (
					"$(inherited)",
					"@executable_path/Frameworks",
					"@executable_path/../../Frameworks",
				);
				MARKETING_VERSION = 1.0;
				PRODUCT_BUNDLE_IDENTIFIER = com.fesh.containingdemo.ShareExtension;
				PRODUCT_NAME = "$(TARGET_NAME)";
				SKIP_INSTALL = YES;
				SUPPORTED_PLATFORMS = "iphoneos iphonesimulator";
				SUPPORTS_MACCATALYST = NO;
				SUPPORTS_MAC_DESIGNED_FOR_IPHONE_IPAD = NO;
				SUPPORTS_XR_DESIGNED_FOR_IPHONE_IPAD = NO;
				SWIFT_EMIT_LOC_STRINGS = YES;
				SWIFT_VERSION = 5.0;
				TARGETED_DEVICE_FAMILY = "1,2";
			};
			name = Debug;
		};
		4E0A70EF2C3606D6002485BB /* Release */ = {
			isa = XCBuildConfiguration;
			buildSettings = {
				CODE_SIGN_ENTITLEMENTS = "ShareExtension/$(TARGET_NAME).entitlements";
				CODE_SIGN_IDENTITY = "Apple Development";
				CODE_SIGN_STYLE = Automatic;
				CURRENT_PROJECT_VERSION = 1;
				DEVELOPMENT_TEAM = MX5VMG8N6Z;
				GENERATE_INFOPLIST_FILE = YES;
				INFOPLIST_FILE = ShareExtension/Info.plist;
				INFOPLIST_KEY_CFBundleDisplayName = ShareExtension;
				INFOPLIST_KEY_NSHumanReadableCopyright = "© Fesh.com";
				IPHONEOS_DEPLOYMENT_TARGET = 16.4;
				LD_RUNPATH_SEARCH_PATHS = (
					"$(inherited)",
					"@executable_path/Frameworks",
					"@executable_path/../../Frameworks",
				);
				MARKETING_VERSION = 1.0;
				PRODUCT_BUNDLE_IDENTIFIER = com.fesh.containingdemo.ShareExtension;
				PRODUCT_NAME = "$(TARGET_NAME)";
				SKIP_INSTALL = YES;
				SUPPORTED_PLATFORMS = "iphoneos iphonesimulator";
				SUPPORTS_MACCATALYST = NO;
				SUPPORTS_MAC_DESIGNED_FOR_IPHONE_IPAD = NO;
				SUPPORTS_XR_DESIGNED_FOR_IPHONE_IPAD = NO;
				SWIFT_EMIT_LOC_STRINGS = YES;
				SWIFT_VERSION = 5.0;
				TARGETED_DEVICE_FAMILY = "1,2";
			};
			name = Release;
		};
		4EFC208D2C623897003A1D70 /* Debug */ = {
			isa = XCBuildConfiguration;
			buildSettings = {
				CODE_SIGN_ENTITLEMENTS = "ActionExtension/$(TARGET_NAME).entitlements";
				CODE_SIGN_IDENTITY = "Apple Development";
				CODE_SIGN_STYLE = Automatic;
				CURRENT_PROJECT_VERSION = 1;
				DEVELOPMENT_TEAM = MX5VMG8N6Z;
				GENERATE_INFOPLIST_FILE = YES;
				INFOPLIST_FILE = ActionExtension/Info.plist;
				INFOPLIST_KEY_CFBundleDisplayName = ActionExtension;
				INFOPLIST_KEY_NSHumanReadableCopyright = "© Fesh.com";
				IPHONEOS_DEPLOYMENT_TARGET = 16.4;
				LD_RUNPATH_SEARCH_PATHS = (
					"$(inherited)",
					"@executable_path/Frameworks",
					"@executable_path/../../Frameworks",
				);
				MARKETING_VERSION = 1.0;
				PRODUCT_BUNDLE_IDENTIFIER = com.fesh.containingdemo.ActionExtension;
				PRODUCT_NAME = "$(TARGET_NAME)";
				SKIP_INSTALL = YES;
				SUPPORTED_PLATFORMS = "iphoneos iphonesimulator";
				SUPPORTS_MACCATALYST = NO;
				SUPPORTS_MAC_DESIGNED_FOR_IPHONE_IPAD = NO;
				SUPPORTS_XR_DESIGNED_FOR_IPHONE_IPAD = NO;
				SWIFT_EMIT_LOC_STRINGS = YES;
				SWIFT_VERSION = 5.0;
				TARGETED_DEVICE_FAMILY = "1,2";
			};
			name = Debug;
		};
		4EFC208E2C623897003A1D70 /* Release */ = {
			isa = XCBuildConfiguration;
			buildSettings = {
				CODE_SIGN_ENTITLEMENTS = "ActionExtension/$(TARGET_NAME).entitlements";
				CODE_SIGN_IDENTITY = "Apple Development";
				CODE_SIGN_STYLE = Automatic;
				CURRENT_PROJECT_VERSION = 1;
				DEVELOPMENT_TEAM = MX5VMG8N6Z;
				GENERATE_INFOPLIST_FILE = YES;
				INFOPLIST_FILE = ActionExtension/Info.plist;
				INFOPLIST_KEY_CFBundleDisplayName = ActionExtension;
				INFOPLIST_KEY_NSHumanReadableCopyright = "© Fesh.com";
				IPHONEOS_DEPLOYMENT_TARGET = 16.4;
				LD_RUNPATH_SEARCH_PATHS = (
					"$(inherited)",
					"@executable_path/Frameworks",
					"@executable_path/../../Frameworks",
				);
				MARKETING_VERSION = 1.0;
				PRODUCT_BUNDLE_IDENTIFIER = com.fesh.containingdemo.ActionExtension;
				PRODUCT_NAME = "$(TARGET_NAME)";
				SKIP_INSTALL = YES;
				SUPPORTED_PLATFORMS = "iphoneos iphonesimulator";
				SUPPORTS_MACCATALYST = NO;
				SUPPORTS_MAC_DESIGNED_FOR_IPHONE_IPAD = NO;
				SUPPORTS_XR_DESIGNED_FOR_IPHONE_IPAD = NO;
				SWIFT_EMIT_LOC_STRINGS = YES;
				SWIFT_VERSION = 5.0;
				TARGETED_DEVICE_FAMILY = "1,2";
			};
			name = Release;
		};
/* End XCBuildConfiguration section */

/* Begin XCConfigurationList section */
		4E0A70A72C35FEE8002485BB /* Build configuration list for PBXProject "Containing" */ = {
			isa = XCConfigurationList;
			buildConfigurations = (
				4E0A70B82C35FEE9002485BB /* Debug */,
				4E0A70B92C35FEE9002485BB /* Release */,
			);
			defaultConfigurationIsVisible = 0;
			defaultConfigurationName = Release;
		};
		4E0A70BA2C35FEE9002485BB /* Build configuration list for PBXNativeTarget "Containing" */ = {
			isa = XCConfigurationList;
			buildConfigurations = (
				4E0A70BB2C35FEE9002485BB /* Debug */,
				4E0A70BC2C35FEE9002485BB /* Release */,
			);
			defaultConfigurationIsVisible = 0;
			defaultConfigurationName = Release;
		};
		4E0A70F02C3606D6002485BB /* Build configuration list for PBXNativeTarget "ShareExtension" */ = {
			isa = XCConfigurationList;
			buildConfigurations = (
				4E0A70EE2C3606D6002485BB /* Debug */,
				4E0A70EF2C3606D6002485BB /* Release */,
			);
			defaultConfigurationIsVisible = 0;
			defaultConfigurationName = Release;
		};
		4EFC208C2C623897003A1D70 /* Build configuration list for PBXNativeTarget "ActionExtension" */ = {
			isa = XCConfigurationList;
			buildConfigurations = (
				4EFC208D2C623897003A1D70 /* Debug */,
				4EFC208E2C623897003A1D70 /* Release */,
			);
			defaultConfigurationIsVisible = 0;
			defaultConfigurationName = Release;
		};
/* End XCConfigurationList section */
	};
	rootObject = 4E0A70A42C35FEE8002485BB /* Project object */;
}
